// !$*UTF8*$!
{
	archiveVersion = 1;
	classes = {
	};
	objectVersion = 46;
	objects = {

/* Begin PBXBuildFile section */
		00498BB11E2C541200A129B2 /* AppDelegate.swift in Sources */ = {isa = PBXBuildFile; fileRef = 00498BB01E2C541200A129B2 /* AppDelegate.swift */; };
		00498BB31E2C541200A129B2 /* ViewController.swift in Sources */ = {isa = PBXBuildFile; fileRef = 00498BB21E2C541200A129B2 /* ViewController.swift */; };
		00498BB61E2C541200A129B2 /* Main.storyboard in Resources */ = {isa = PBXBuildFile; fileRef = 00498BB41E2C541200A129B2 /* Main.storyboard */; };
		00498BB81E2C541200A129B2 /* Assets.xcassets in Resources */ = {isa = PBXBuildFile; fileRef = 00498BB71E2C541200A129B2 /* Assets.xcassets */; };
		00498BBB1E2C541200A129B2 /* LaunchScreen.storyboard in Resources */ = {isa = PBXBuildFile; fileRef = 00498BB91E2C541200A129B2 /* LaunchScreen.storyboard */; };
		00498BC61E2C541200A129B2 /* Diagnostic_Kit_2Tests.swift in Sources */ = {isa = PBXBuildFile; fileRef = 00498BC51E2C541200A129B2 /* Diagnostic_Kit_2Tests.swift */; };
		00498BD11E2C541200A129B2 /* Diagnostic_Kit_2UITests.swift in Sources */ = {isa = PBXBuildFile; fileRef = 00498BD01E2C541200A129B2 /* Diagnostic_Kit_2UITests.swift */; };
		00D977791E2C671D008BE33D /* InstructionView.swift in Sources */ = {isa = PBXBuildFile; fileRef = 00D977781E2C671D008BE33D /* InstructionView.swift */; };
		00D9777B1E2C6758008BE33D /* ProcessingView.swift in Sources */ = {isa = PBXBuildFile; fileRef = 00D9777A1E2C6758008BE33D /* ProcessingView.swift */; };
/* End PBXBuildFile section */

/* Begin PBXContainerItemProxy section */
		00498BC21E2C541200A129B2 /* PBXContainerItemProxy */ = {
			isa = PBXContainerItemProxy;
			containerPortal = 00498BA51E2C541100A129B2 /* Project object */;
			proxyType = 1;
			remoteGlobalIDString = 00498BAC1E2C541200A129B2;
			remoteInfo = "Diagnostic Kit 2";
		};
		00498BCD1E2C541200A129B2 /* PBXContainerItemProxy */ = {
			isa = PBXContainerItemProxy;
			containerPortal = 00498BA51E2C541100A129B2 /* Project object */;
			proxyType = 1;
			remoteGlobalIDString = 00498BAC1E2C541200A129B2;
			remoteInfo = "Diagnostic Kit 2";
		};
/* End PBXContainerItemProxy section */

/* Begin PBXFileReference section */
		00498BAD1E2C541200A129B2 /* Diagnostic Kit 2.app */ = {isa = PBXFileReference; explicitFileType = wrapper.application; includeInIndex = 0; path = "Diagnostic Kit 2.app"; sourceTree = BUILT_PRODUCTS_DIR; };
		00498BB01E2C541200A129B2 /* AppDelegate.swift */ = {isa = PBXFileReference; lastKnownFileType = sourcecode.swift; path = AppDelegate.swift; sourceTree = "<group>"; };
		00498BB21E2C541200A129B2 /* ViewController.swift */ = {isa = PBXFileReference; lastKnownFileType = sourcecode.swift; path = ViewController.swift; sourceTree = "<group>"; };
		00498BB51E2C541200A129B2 /* Base */ = {isa = PBXFileReference; lastKnownFileType = file.storyboard; name = Base; path = Base.lproj/Main.storyboard; sourceTree = "<group>"; };
		00498BB71E2C541200A129B2 /* Assets.xcassets */ = {isa = PBXFileReference; lastKnownFileType = folder.assetcatalog; path = Assets.xcassets; sourceTree = "<group>"; };
		00498BBA1E2C541200A129B2 /* Base */ = {isa = PBXFileReference; lastKnownFileType = file.storyboard; name = Base; path = Base.lproj/LaunchScreen.storyboard; sourceTree = "<group>"; };
		00498BBC1E2C541200A129B2 /* Info.plist */ = {isa = PBXFileReference; lastKnownFileType = text.plist.xml; path = Info.plist; sourceTree = "<group>"; };
		00498BC11E2C541200A129B2 /* Diagnostic Kit 2Tests.xctest */ = {isa = PBXFileReference; explicitFileType = wrapper.cfbundle; includeInIndex = 0; path = "Diagnostic Kit 2Tests.xctest"; sourceTree = BUILT_PRODUCTS_DIR; };
		00498BC51E2C541200A129B2 /* Diagnostic_Kit_2Tests.swift */ = {isa = PBXFileReference; lastKnownFileType = sourcecode.swift; path = Diagnostic_Kit_2Tests.swift; sourceTree = "<group>"; };
		00498BC71E2C541200A129B2 /* Info.plist */ = {isa = PBXFileReference; lastKnownFileType = text.plist.xml; path = Info.plist; sourceTree = "<group>"; };
		00498BCC1E2C541200A129B2 /* Diagnostic Kit 2UITests.xctest */ = {isa = PBXFileReference; explicitFileType = wrapper.cfbundle; includeInIndex = 0; path = "Diagnostic Kit 2UITests.xctest"; sourceTree = BUILT_PRODUCTS_DIR; };
		00498BD01E2C541200A129B2 /* Diagnostic_Kit_2UITests.swift */ = {isa = PBXFileReference; lastKnownFileType = sourcecode.swift; path = Diagnostic_Kit_2UITests.swift; sourceTree = "<group>"; };
		00498BD21E2C541200A129B2 /* Info.plist */ = {isa = PBXFileReference; lastKnownFileType = text.plist.xml; path = Info.plist; sourceTree = "<group>"; };
		00D977781E2C671D008BE33D /* InstructionView.swift */ = {isa = PBXFileReference; fileEncoding = 4; lastKnownFileType = sourcecode.swift; path = InstructionView.swift; sourceTree = "<group>"; };
		00D9777A1E2C6758008BE33D /* ProcessingView.swift */ = {isa = PBXFileReference; fileEncoding = 4; lastKnownFileType = sourcecode.swift; path = ProcessingView.swift; sourceTree = "<group>"; };
/* End PBXFileReference section */

/* Begin PBXFrameworksBuildPhase section */
		00498BAA1E2C541200A129B2 /* Frameworks */ = {
			isa = PBXFrameworksBuildPhase;
			buildActionMask = 2147483647;
			files = (
			);
			runOnlyForDeploymentPostprocessing = 0;
		};
		00498BBE1E2C541200A129B2 /* Frameworks */ = {
			isa = PBXFrameworksBuildPhase;
			buildActionMask = 2147483647;
			files = (
			);
			runOnlyForDeploymentPostprocessing = 0;
		};
		00498BC91E2C541200A129B2 /* Frameworks */ = {
			isa = PBXFrameworksBuildPhase;
			buildActionMask = 2147483647;
			files = (
			);
			runOnlyForDeploymentPostprocessing = 0;
		};
/* End PBXFrameworksBuildPhase section */

/* Begin PBXGroup section */
		00498BA41E2C541100A129B2 = {
			isa = PBXGroup;
			children = (
				00498BAF1E2C541200A129B2 /* Diagnostic Kit 2 */,
				00498BC41E2C541200A129B2 /* Diagnostic Kit 2Tests */,
				00498BCF1E2C541200A129B2 /* Diagnostic Kit 2UITests */,
				00498BAE1E2C541200A129B2 /* Products */,
			);
			sourceTree = "<group>";
		};
		00498BAE1E2C541200A129B2 /* Products */ = {
			isa = PBXGroup;
			children = (
				00498BAD1E2C541200A129B2 /* Diagnostic Kit 2.app */,
				00498BC11E2C541200A129B2 /* Diagnostic Kit 2Tests.xctest */,
				00498BCC1E2C541200A129B2 /* Diagnostic Kit 2UITests.xctest */,
			);
			name = Products;
			sourceTree = "<group>";
		};
		00498BAF1E2C541200A129B2 /* Diagnostic Kit 2 */ = {
			isa = PBXGroup;
			children = (
				00498BB01E2C541200A129B2 /* AppDelegate.swift */,
				00498BB21E2C541200A129B2 /* ViewController.swift */,
				00498BB41E2C541200A129B2 /* Main.storyboard */,
				00498BB71E2C541200A129B2 /* Assets.xcassets */,
				00498BB91E2C541200A129B2 /* LaunchScreen.storyboard */,
				00498BBC1E2C541200A129B2 /* Info.plist */,
				00D977781E2C671D008BE33D /* InstructionView.swift */,
				00D9777A1E2C6758008BE33D /* ProcessingView.swift */,
			);
			path = "Diagnostic Kit 2";
			sourceTree = "<group>";
		};
		00498BC41E2C541200A129B2 /* Diagnostic Kit 2Tests */ = {
			isa = PBXGroup;
			children = (
				00498BC51E2C541200A129B2 /* Diagnostic_Kit_2Tests.swift */,
				00498BC71E2C541200A129B2 /* Info.plist */,
			);
			path = "Diagnostic Kit 2Tests";
			sourceTree = "<group>";
		};
		00498BCF1E2C541200A129B2 /* Diagnostic Kit 2UITests */ = {
			isa = PBXGroup;
			children = (
				00498BD01E2C541200A129B2 /* Diagnostic_Kit_2UITests.swift */,
				00498BD21E2C541200A129B2 /* Info.plist */,
			);
			path = "Diagnostic Kit 2UITests";
			sourceTree = "<group>";
		};
/* End PBXGroup section */

/* Begin PBXNativeTarget section */
		00498BAC1E2C541200A129B2 /* Diagnostic Kit 2 */ = {
			isa = PBXNativeTarget;
			buildConfigurationList = 00498BD51E2C541200A129B2 /* Build configuration list for PBXNativeTarget "Diagnostic Kit 2" */;
			buildPhases = (
				00498BA91E2C541200A129B2 /* Sources */,
				00498BAA1E2C541200A129B2 /* Frameworks */,
				00498BAB1E2C541200A129B2 /* Resources */,
			);
			buildRules = (
			);
			dependencies = (
			);
			name = "Diagnostic Kit 2";
			productName = "Diagnostic Kit 2";
			productReference = 00498BAD1E2C541200A129B2 /* Diagnostic Kit 2.app */;
			productType = "com.apple.product-type.application";
		};
		00498BC01E2C541200A129B2 /* Diagnostic Kit 2Tests */ = {
			isa = PBXNativeTarget;
			buildConfigurationList = 00498BD81E2C541200A129B2 /* Build configuration list for PBXNativeTarget "Diagnostic Kit 2Tests" */;
			buildPhases = (
				00498BBD1E2C541200A129B2 /* Sources */,
				00498BBE1E2C541200A129B2 /* Frameworks */,
				00498BBF1E2C541200A129B2 /* Resources */,
			);
			buildRules = (
			);
			dependencies = (
				00498BC31E2C541200A129B2 /* PBXTargetDependency */,
			);
			name = "Diagnostic Kit 2Tests";
			productName = "Diagnostic Kit 2Tests";
			productReference = 00498BC11E2C541200A129B2 /* Diagnostic Kit 2Tests.xctest */;
			productType = "com.apple.product-type.bundle.unit-test";
		};
		00498BCB1E2C541200A129B2 /* Diagnostic Kit 2UITests */ = {
			isa = PBXNativeTarget;
			buildConfigurationList = 00498BDB1E2C541200A129B2 /* Build configuration list for PBXNativeTarget "Diagnostic Kit 2UITests" */;
			buildPhases = (
				00498BC81E2C541200A129B2 /* Sources */,
				00498BC91E2C541200A129B2 /* Frameworks */,
				00498BCA1E2C541200A129B2 /* Resources */,
			);
			buildRules = (
			);
			dependencies = (
				00498BCE1E2C541200A129B2 /* PBXTargetDependency */,
			);
			name = "Diagnostic Kit 2UITests";
			productName = "Diagnostic Kit 2UITests";
			productReference = 00498BCC1E2C541200A129B2 /* Diagnostic Kit 2UITests.xctest */;
			productType = "com.apple.product-type.bundle.ui-testing";
		};
/* End PBXNativeTarget section */

/* Begin PBXProject section */
		00498BA51E2C541100A129B2 /* Project object */ = {
			isa = PBXProject;
			attributes = {
				LastSwiftUpdateCheck = 0800;
				LastUpgradeCheck = 0800;
				ORGANIZATIONNAME = "Kyle Murray";
				TargetAttributes = {
					00498BAC1E2C541200A129B2 = {
						CreatedOnToolsVersion = 8.0;
						DevelopmentTeam = BFLJNW32H6;
						ProvisioningStyle = Automatic;
					};
					00498BC01E2C541200A129B2 = {
						CreatedOnToolsVersion = 8.0;
						DevelopmentTeam = BFLJNW32H6;
						ProvisioningStyle = Automatic;
						TestTargetID = 00498BAC1E2C541200A129B2;
					};
					00498BCB1E2C541200A129B2 = {
						CreatedOnToolsVersion = 8.0;
						DevelopmentTeam = BFLJNW32H6;
						ProvisioningStyle = Automatic;
						TestTargetID = 00498BAC1E2C541200A129B2;
					};
				};
			};
			buildConfigurationList = 00498BA81E2C541100A129B2 /* Build configuration list for PBXProject "Diagnostic Kit 2" */;
			compatibilityVersion = "Xcode 3.2";
			developmentRegion = English;
			hasScannedForEncodings = 0;
			knownRegions = (
				en,
				Base,
			);
			mainGroup = 00498BA41E2C541100A129B2;
			productRefGroup = 00498BAE1E2C541200A129B2 /* Products */;
			projectDirPath = "";
			projectRoot = "";
			targets = (
				00498BAC1E2C541200A129B2 /* Diagnostic Kit 2 */,
				00498BC01E2C541200A129B2 /* Diagnostic Kit 2Tests */,
				00498BCB1E2C541200A129B2 /* Diagnostic Kit 2UITests */,
			);
		};
/* End PBXProject section */

/* Begin PBXResourcesBuildPhase section */
		00498BAB1E2C541200A129B2 /* Resources */ = {
			isa = PBXResourcesBuildPhase;
			buildActionMask = 2147483647;
			files = (
				00498BBB1E2C541200A129B2 /* LaunchScreen.storyboard in Resources */,
				00498BB81E2C541200A129B2 /* Assets.xcassets in Resources */,
				00498BB61E2C541200A129B2 /* Main.storyboard in Resources */,
			);
			runOnlyForDeploymentPostprocessing = 0;
		};
		00498BBF1E2C541200A129B2 /* Resources */ = {
			isa = PBXResourcesBuildPhase;
			buildActionMask = 2147483647;
			files = (
			);
			runOnlyForDeploymentPostprocessing = 0;
		};
		00498BCA1E2C541200A129B2 /* Resources */ = {
			isa = PBXResourcesBuildPhase;
			buildActionMask = 2147483647;
			files = (
			);
			runOnlyForDeploymentPostprocessing = 0;
		};
/* End PBXResourcesBuildPhase section */

/* Begin PBXSourcesBuildPhase section */
		00498BA91E2C541200A129B2 /* Sources */ = {
			isa = PBXSourcesBuildPhase;
			buildActionMask = 2147483647;
			files = (
				00498BB31E2C541200A129B2 /* ViewController.swift in Sources */,
				00498BB11E2C541200A129B2 /* AppDelegate.swift in Sources */,
				00D977791E2C671D008BE33D /* InstructionView.swift in Sources */,
				00D9777B1E2C6758008BE33D /* ProcessingView.swift in Sources */,
			);
			runOnlyForDeploymentPostprocessing = 0;
		};
		00498BBD1E2C541200A129B2 /* Sources */ = {
			isa = PBXSourcesBuildPhase;
			buildActionMask = 2147483647;
			files = (
				00498BC61E2C541200A129B2 /* Diagnostic_Kit_2Tests.swift in Sources */,
			);
			runOnlyForDeploymentPostprocessing = 0;
		};
		00498BC81E2C541200A129B2 /* Sources */ = {
			isa = PBXSourcesBuildPhase;
			buildActionMask = 2147483647;
			files = (
				00498BD11E2C541200A129B2 /* Diagnostic_Kit_2UITests.swift in Sources */,
			);
			runOnlyForDeploymentPostprocessing = 0;
		};
/* End PBXSourcesBuildPhase section */

/* Begin PBXTargetDependency section */
		00498BC31E2C541200A129B2 /* PBXTargetDependency */ = {
			isa = PBXTargetDependency;
			target = 00498BAC1E2C541200A129B2 /* Diagnostic Kit 2 */;
			targetProxy = 00498BC21E2C541200A129B2 /* PBXContainerItemProxy */;
		};
		00498BCE1E2C541200A129B2 /* PBXTargetDependency */ = {
			isa = PBXTargetDependency;
			target = 00498BAC1E2C541200A129B2 /* Diagnostic Kit 2 */;
			targetProxy = 00498BCD1E2C541200A129B2 /* PBXContainerItemProxy */;
		};
/* End PBXTargetDependency section */

/* Begin PBXVariantGroup section */
		00498BB41E2C541200A129B2 /* Main.storyboard */ = {
			isa = PBXVariantGroup;
			children = (
				00498BB51E2C541200A129B2 /* Base */,
			);
			name = Main.storyboard;
			sourceTree = "<group>";
		};
		00498BB91E2C541200A129B2 /* LaunchScreen.storyboard */ = {
			isa = PBXVariantGroup;
			children = (
				00498BBA1E2C541200A129B2 /* Base */,
			);
			name = LaunchScreen.storyboard;
			sourceTree = "<group>";
		};
/* End PBXVariantGroup section */

/* Begin XCBuildConfiguration section */
		00498BD31E2C541200A129B2 /* Debug */ = {
			isa = XCBuildConfiguration;
			buildSettings = {
				ALWAYS_SEARCH_USER_PATHS = NO;
				CLANG_ANALYZER_NONNULL = YES;
				CLANG_CXX_LANGUAGE_STANDARD = "gnu++0x";
				CLANG_CXX_LIBRARY = "libc++";
				CLANG_ENABLE_MODULES = YES;
				CLANG_ENABLE_OBJC_ARC = YES;
				CLANG_WARN_BOOL_CONVERSION = YES;
				CLANG_WARN_CONSTANT_CONVERSION = YES;
				CLANG_WARN_DIRECT_OBJC_ISA_USAGE = YES_ERROR;
				CLANG_WARN_DOCUMENTATION_COMMENTS = YES;
				CLANG_WARN_EMPTY_BODY = YES;
				CLANG_WARN_ENUM_CONVERSION = YES;
				CLANG_WARN_INFINITE_RECURSION = YES;
				CLANG_WARN_INT_CONVERSION = YES;
				CLANG_WARN_OBJC_ROOT_CLASS = YES_ERROR;
				CLANG_WARN_SUSPICIOUS_MOVES = YES;
				CLANG_WARN_UNREACHABLE_CODE = YES;
				CLANG_WARN__DUPLICATE_METHOD_MATCH = YES;
				"CODE_SIGN_IDENTITY[sdk=iphoneos*]" = "iPhone Developer";
				COPY_PHASE_STRIP = NO;
				DEBUG_INFORMATION_FORMAT = dwarf;
				ENABLE_STRICT_OBJC_MSGSEND = YES;
				ENABLE_TESTABILITY = YES;
				GCC_C_LANGUAGE_STANDARD = gnu99;
				GCC_DYNAMIC_NO_PIC = NO;
				GCC_NO_COMMON_BLOCKS = YES;
				GCC_OPTIMIZATION_LEVEL = 0;
				GCC_PREPROCESSOR_DEFINITIONS = (
					"DEBUG=1",
					"$(inherited)",
				);
				GCC_WARN_64_TO_32_BIT_CONVERSION = YES;
				GCC_WARN_ABOUT_RETURN_TYPE = YES_ERROR;
				GCC_WARN_UNDECLARED_SELECTOR = YES;
				GCC_WARN_UNINITIALIZED_AUTOS = YES_AGGRESSIVE;
				GCC_WARN_UNUSED_FUNCTION = YES;
				GCC_WARN_UNUSED_VARIABLE = YES;
				IPHONEOS_DEPLOYMENT_TARGET = 10.0;
				MTL_ENABLE_DEBUG_INFO = YES;
				ONLY_ACTIVE_ARCH = YES;
				SDKROOT = iphoneos;
				SWIFT_ACTIVE_COMPILATION_CONDITIONS = DEBUG;
				SWIFT_OPTIMIZATION_LEVEL = "-Onone";
				TARGETED_DEVICE_FAMILY = "1,2";
			};
			name = Debug;
		};
		00498BD41E2C541200A129B2 /* Release */ = {
			isa = XCBuildConfiguration;
			buildSettings = {
				ALWAYS_SEARCH_USER_PATHS = NO;
				CLANG_ANALYZER_NONNULL = YES;
				CLANG_CXX_LANGUAGE_STANDARD = "gnu++0x";
				CLANG_CXX_LIBRARY = "libc++";
				CLANG_ENABLE_MODULES = YES;
				CLANG_ENABLE_OBJC_ARC = YES;
				CLANG_WARN_BOOL_CONVERSION = YES;
				CLANG_WARN_CONSTANT_CONVERSION = YES;
				CLANG_WARN_DIRECT_OBJC_ISA_USAGE = YES_ERROR;
				CLANG_WARN_DOCUMENTATION_COMMENTS = YES;
				CLANG_WARN_EMPTY_BODY = YES;
				CLANG_WARN_ENUM_CONVERSION = YES;
				CLANG_WARN_INFINITE_RECURSION = YES;
				CLANG_WARN_INT_CONVERSION = YES;
				CLANG_WARN_OBJC_ROOT_CLASS = YES_ERROR;
				CLANG_WARN_SUSPICIOUS_MOVES = YES;
				CLANG_WARN_UNREACHABLE_CODE = YES;
				CLANG_WARN__DUPLICATE_METHOD_MATCH = YES;
				"CODE_SIGN_IDENTITY[sdk=iphoneos*]" = "iPhone Developer";
				COPY_PHASE_STRIP = NO;
				DEBUG_INFORMATION_FORMAT = "dwarf-with-dsym";
				ENABLE_NS_ASSERTIONS = NO;
				ENABLE_STRICT_OBJC_MSGSEND = YES;
				GCC_C_LANGUAGE_STANDARD = gnu99;
				GCC_NO_COMMON_BLOCKS = YES;
				GCC_WARN_64_TO_32_BIT_CONVERSION = YES;
				GCC_WARN_ABOUT_RETURN_TYPE = YES_ERROR;
				GCC_WARN_UNDECLARED_SELECTOR = YES;
				GCC_WARN_UNINITIALIZED_AUTOS = YES_AGGRESSIVE;
				GCC_WARN_UNUSED_FUNCTION = YES;
				GCC_WARN_UNUSED_VARIABLE = YES;
				IPHONEOS_DEPLOYMENT_TARGET = 10.0;
				MTL_ENABLE_DEBUG_INFO = NO;
				SDKROOT = iphoneos;
				SWIFT_OPTIMIZATION_LEVEL = "-Owholemodule";
				TARGETED_DEVICE_FAMILY = "1,2";
				VALIDATE_PRODUCT = YES;
			};
			name = Release;
		};
		00498BD61E2C541200A129B2 /* Debug */ = {
			isa = XCBuildConfiguration;
			buildSettings = {
				ASSETCATALOG_COMPILER_APPICON_NAME = AppIcon;
				DEVELOPMENT_TEAM = BFLJNW32H6;
				INFOPLIST_FILE = "Diagnostic Kit 2/Info.plist";
				LD_RUNPATH_SEARCH_PATHS = "$(inherited) @executable_path/Frameworks";
				PRODUCT_BUNDLE_IDENTIFIER = "com.Kyle.Diagnostic-Kit-2";
				PRODUCT_NAME = "$(TARGET_NAME)";
				SWIFT_VERSION = 3.0;
			};
			name = Debug;
		};
		00498BD71E2C541200A129B2 /* Release */ = {
			isa = XCBuildConfiguration;
			buildSettings = {
				ASSETCATALOG_COMPILER_APPICON_NAME = AppIcon;
				DEVELOPMENT_TEAM = BFLJNW32H6;
				INFOPLIST_FILE = "Diagnostic Kit 2/Info.plist";
				LD_RUNPATH_SEARCH_PATHS = "$(inherited) @executable_path/Frameworks";
				PRODUCT_BUNDLE_IDENTIFIER = "com.Kyle.Diagnostic-Kit-2";
				PRODUCT_NAME = "$(TARGET_NAME)";
				SWIFT_VERSION = 3.0;
			};
			name = Release;
		};
		00498BD91E2C541200A129B2 /* Debug */ = {
			isa = XCBuildConfiguration;
			buildSettings = {
				ALWAYS_EMBED_SWIFT_STANDARD_LIBRARIES = YES;
				BUNDLE_LOADER = "$(TEST_HOST)";
				DEVELOPMENT_TEAM = BFLJNW32H6;
				INFOPLIST_FILE = "Diagnostic Kit 2Tests/Info.plist";
				LD_RUNPATH_SEARCH_PATHS = "$(inherited) @executable_path/Frameworks @loader_path/Frameworks";
				PRODUCT_BUNDLE_IDENTIFIER = "com.Kyle.Diagnostic-Kit-2Tests";
				PRODUCT_NAME = "$(TARGET_NAME)";
				SWIFT_VERSION = 3.0;
				TEST_HOST = "$(BUILT_PRODUCTS_DIR)/Diagnostic Kit 2.app/Diagnostic Kit 2";
			};
			name = Debug;
		};
		00498BDA1E2C541200A129B2 /* Release */ = {
			isa = XCBuildConfiguration;
			buildSettings = {
				ALWAYS_EMBED_SWIFT_STANDARD_LIBRARIES = YES;
				BUNDLE_LOADER = "$(TEST_HOST)";
				DEVELOPMENT_TEAM = BFLJNW32H6;
				INFOPLIST_FILE = "Diagnostic Kit 2Tests/Info.plist";
				LD_RUNPATH_SEARCH_PATHS = "$(inherited) @executable_path/Frameworks @loader_path/Frameworks";
				PRODUCT_BUNDLE_IDENTIFIER = "com.Kyle.Diagnostic-Kit-2Tests";
				PRODUCT_NAME = "$(TARGET_NAME)";
				SWIFT_VERSION = 3.0;
				TEST_HOST = "$(BUILT_PRODUCTS_DIR)/Diagnostic Kit 2.app/Diagnostic Kit 2";
			};
			name = Release;
		};
		00498BDC1E2C541200A129B2 /* Debug */ = {
			isa = XCBuildConfiguration;
			buildSettings = {
				ALWAYS_EMBED_SWIFT_STANDARD_LIBRARIES = YES;
				DEVELOPMENT_TEAM = BFLJNW32H6;
				INFOPLIST_FILE = "Diagnostic Kit 2UITests/Info.plist";
				LD_RUNPATH_SEARCH_PATHS = "$(inherited) @executable_path/Frameworks @loader_path/Frameworks";
				PRODUCT_BUNDLE_IDENTIFIER = "com.Kyle.Diagnostic-Kit-2UITests";
				PRODUCT_NAME = "$(TARGET_NAME)";
				SWIFT_VERSION = 3.0;
				TEST_TARGET_NAME = "Diagnostic Kit 2";
			};
			name = Debug;
		};
		00498BDD1E2C541200A129B2 /* Release */ = {
			isa = XCBuildConfiguration;
			buildSettings = {
				ALWAYS_EMBED_SWIFT_STANDARD_LIBRARIES = YES;
				DEVELOPMENT_TEAM = BFLJNW32H6;
				INFOPLIST_FILE = "Diagnostic Kit 2UITests/Info.plist";
				LD_RUNPATH_SEARCH_PATHS = "$(inherited) @executable_path/Frameworks @loader_path/Frameworks";
				PRODUCT_BUNDLE_IDENTIFIER = "com.Kyle.Diagnostic-Kit-2UITests";
				PRODUCT_NAME = "$(TARGET_NAME)";
				SWIFT_VERSION = 3.0;
				TEST_TARGET_NAME = "Diagnostic Kit 2";
			};
			name = Release;
		};
/* End XCBuildConfiguration section */

/* Begin XCConfigurationList section */
		00498BA81E2C541100A129B2 /* Build configuration list for PBXProject "Diagnostic Kit 2" */ = {
			isa = XCConfigurationList;
			buildConfigurations = (
				00498BD31E2C541200A129B2 /* Debug */,
				00498BD41E2C541200A129B2 /* Release */,
			);
			defaultConfigurationIsVisible = 0;
			defaultConfigurationName = Release;
		};
		00498BD51E2C541200A129B2 /* Build configuration list for PBXNativeTarget "Diagnostic Kit 2" */ = {
			isa = XCConfigurationList;
			buildConfigurations = (
				00498BD61E2C541200A129B2 /* Debug */,
				00498BD71E2C541200A129B2 /* Release */,
			);
			defaultConfigurationIsVisible = 0;
			defaultConfigurationName = Release;
		};
		00498BD81E2C541200A129B2 /* Build configuration list for PBXNativeTarget "Diagnostic Kit 2Tests" */ = {
			isa = XCConfigurationList;
			buildConfigurations = (
				00498BD91E2C541200A129B2 /* Debug */,
				00498BDA1E2C541200A129B2 /* Release */,
			);
			defaultConfigurationIsVisible = 0;
			defaultConfigurationName = Release;
		};
		00498BDB1E2C541200A129B2 /* Build configuration list for PBXNativeTarget "Diagnostic Kit 2UITests" */ = {
			isa = XCConfigurationList;
			buildConfigurations = (
				00498BDC1E2C541200A129B2 /* Debug */,
				00498BDD1E2C541200A129B2 /* Release */,
			);
			defaultConfigurationIsVisible = 0;
			defaultConfigurationName = Release;
		};
/* End XCConfigurationList section */
	};
	rootObject = 00498BA51E2C541100A129B2 /* Project object */;
}
